dependencies:
- name: gitlab
  repository: ""
  version: '*.*.*'
- name: certmanager-issuer
  repository: ""
  version: '*.*.*'
- name: minio
  repository: ""
  version: '*.*.*'
- name: registry
  repository: ""
  version: '*.*.*'
- name: cert-manager
  repository: https://charts.jetstack.io/
  version: v1.17.4
- name: prometheus
  repository: https://prometheus-community.github.io/helm-charts
  version: 27.23.0
- name: postgresql
  repository: https://charts.bitnami.com/bitnami
  version: 16.7.0
- name: gitlab-runner
  repository: https://charts.gitlab.io/
  version: 0.80.1
- name: redis
  repository: https://charts.bitnami.com/bitnami
  version: 18.19.4
- name: nginx-ingress
  repository: ""
  version: '*.*.*'
- name: nginx-ingress
  repository: ""
  version: '*.*.*'
- name: gitlab-zoekt
  repository: https://charts.gitlab.io/
  version: 3.4.0
- name: openbao
  repository: https://charts.gitlab.io/
  version: 0.5.1
- name: gluon
  repository: oci://registry1.dso.mil/bigbang
  version: 0.7.0
- name: traefik
  repository: https://helm.traefik.io/traefik
  version: 10.19.4
- name: kubernetes-ingress
  repository: https://haproxytech.github.io/helm-charts
  version: 1.39.4
digest: sha256:a880bc7c1f7cb1c46c981e5454b16037c33b523dd8636a2ac39f0946a0fe49cb
generated: "2025-09-30T11:51:08.723113-05:00"
