dependencies:
- name: bb-common
  repository: oci://registry1.dso.mil/bigbang
  version: 0.13.0
- name: gitlab
  repository: https://charts.gitlab.io
  version: 9.8.2
- name: gluon
  repository: oci://registry1.dso.mil/bigbang
  version: 0.9.7
digest: sha256:2e2f2dc6ca34a58bacaa4dc35cf6576c27fdeec9a126c28c3ffe9191f1f0db64
generated: "2026-01-27T15:51:29.626319-06:00"
