dependencies:
- name: gitlab
  repository: ""
  version: '*.*.*'
- name: certmanager-issuer
  repository: ""
  version: '*.*.*'
- name: minio
  repository: ""
  version: '*.*.*'
- name: registry
  repository: ""
  version: '*.*.*'
- name: cert-manager
  repository: https://charts.jetstack.io/
  version: v1.12.17
- name: prometheus
  repository: https://prometheus-community.github.io/helm-charts
  version: 27.12.1
- name: postgresql
  repository: https://charts.bitnami.com/bitnami
  version: 16.7.0
- name: gitlab-runner
  repository: https://charts.gitlab.io/
  version: 0.74.1
- name: redis
  repository: https://charts.bitnami.com/bitnami
  version: 18.19.4
- name: nginx-ingress
  repository: ""
  version: '*.*.*'
- name: nginx-ingress
  repository: ""
  version: '*.*.*'
- name: gitlab-zoekt
  repository: https://charts.gitlab.io/
  version: 2.3.0
- name: gluon
  repository: oci://registry1.dso.mil/bigbang
  version: 0.5.14
- name: traefik
  repository: https://helm.traefik.io/traefik
  version: 10.19.4
- name: kubernetes-ingress
  repository: https://haproxytech.github.io/helm-charts
  version: 1.32.0
digest: sha256:10797356b9a9a0d3c7bc0ce769f3ba5905cc2998e716f38b88b9a6c75ea69340
generated: "2025-05-28T12:35:06.957715-05:00"
